Microsoft Visual Studio Solution File, Format Version 12.00
# Visual Studio Version 17
VisualStudioVersion = 17.2.32616.157
MinimumVisualStudioVersion = 10.0.40219.1
Project("{2150E333-8FDC-42A3-9474-1A3956D46DE8}") = "Solution Items", "Solution Items", "{A562BD8A-4D5A-4843-918F-D11419ABEF20}"
	ProjectSection(SolutionItems) = preProject
		.editorconfig = .editorconfig
		.gitignore = .gitignore
		Directory.Build.props = Directory.Build.props
		NuGet.config = NuGet.config
		README.md = README.md
		RepositoryInfo.xml = RepositoryInfo.xml
	EndProjectSection
EndProject
Project("{2150E333-8FDC-42A3-9474-1A3956D46DE8}") = "Tests", "Tests", "{C0D5F09C-C3BE-4975-AC49-75B30696FCCE}"
EndProject
Project("{9A19103F-16F7-4668-BE54-9A1E7A4F7556}") = "CK.Mailer", "CK.Mailer\CK.Mailer.csproj", "{5B0D9664-9C54-4916-B3DF-540CFC4DBDBA}"
EndProject
Project("{9A19103F-16F7-4668-BE54-9A1E7A4F7556}") = "CK.Mailer.Tests", "Tests\CK.Mailer.Tests\CK.Mailer.Tests.csproj", "{1A2FE982-B860-40E3-A4F8-731789C6AE0D}"
EndProject
Project("{9A19103F-16F7-4668-BE54-9A1E7A4F7556}") = "CodeCakeBuilder", "CodeCakeBuilder\CodeCakeBuilder.csproj", "{60753EAC-D7F0-4C26-B697-1E81B60955F9}"
EndProject
Project("{9A19103F-16F7-4668-BE54-9A1E7A4F7556}") = "CK.Mailer.MailKit", "CK.Mailer.MailKit\CK.Mailer.MailKit.csproj", "{749985B5-84DE-466D-B412-EE660D2765C3}"
EndProject
Global
	GlobalSection(SolutionConfigurationPlatforms) = preSolution
		Debug|Any CPU = Debug|Any CPU
		Release|Any CPU = Release|Any CPU
	EndGlobalSection
	GlobalSection(ProjectConfigurationPlatforms) = postSolution
		{5B0D9664-9C54-4916-B3DF-540CFC4DBDBA}.Debug|Any CPU.ActiveCfg = Debug|Any CPU
		{5B0D9664-9C54-4916-B3DF-540CFC4DBDBA}.Debug|Any CPU.Build.0 = Debug|Any CPU
		{5B0D9664-9C54-4916-B3DF-540CFC4DBDBA}.Release|Any CPU.ActiveCfg = Release|Any CPU
		{5B0D9664-9C54-4916-B3DF-540CFC4DBDBA}.Release|Any CPU.Build.0 = Release|Any CPU
		{1A2FE982-B860-40E3-A4F8-731789C6AE0D}.Debug|Any CPU.ActiveCfg = Debug|Any CPU
		{1A2FE982-B860-40E3-A4F8-731789C6AE0D}.Debug|Any CPU.Build.0 = Debug|Any CPU
		{1A2FE982-B860-40E3-A4F8-731789C6AE0D}.Release|Any CPU.ActiveCfg = Release|Any CPU
		{1A2FE982-B860-40E3-A4F8-731789C6AE0D}.Release|Any CPU.Build.0 = Release|Any CPU
		{60753EAC-D7F0-4C26-B697-1E81B60955F9}.Debug|Any CPU.ActiveCfg = Debug|Any CPU
		{60753EAC-D7F0-4C26-B697-1E81B60955F9}.Debug|Any CPU.Build.0 = Debug|Any CPU
		{60753EAC-D7F0-4C26-B697-1E81B60955F9}.Release|Any CPU.ActiveCfg = Release|Any CPU
		{60753EAC-D7F0-4C26-B697-1E81B60955F9}.Release|Any CPU.Build.0 = Release|Any CPU
		{749985B5-84DE-466D-B412-EE660D2765C3}.Debug|Any CPU.ActiveCfg = Debug|Any CPU
		{749985B5-84DE-466D-B412-EE660D2765C3}.Debug|Any CPU.Build.0 = Debug|Any CPU
		{749985B5-84DE-466D-B412-EE660D2765C3}.Release|Any CPU.ActiveCfg = Release|Any CPU
		{749985B5-84DE-466D-B412-EE660D2765C3}.Release|Any CPU.Build.0 = Release|Any CPU
	EndGlobalSection
	GlobalSection(SolutionProperties) = preSolution
		HideSolutionNode = FALSE
	EndGlobalSection
	GlobalSection(NestedProjects) = preSolution
		{1A2FE982-B860-40E3-A4F8-731789C6AE0D} = {C0D5F09C-C3BE-4975-AC49-75B30696FCCE}
	EndGlobalSection
	GlobalSection(ExtensibilityGlobals) = postSolution
		SolutionGuid = {FB961995-87D6-4F0D-BEAA-7938F0ACD793}
	EndGlobalSection
EndGlobal
